
Microsoft Visual Studio Solution File, Format Version 12.00
# Visual Studio Version 17
VisualStudioVersion = 17.0.31903.59
MinimumVisualStudioVersion = 10.0.40219.1
Project("{FAE04EC0-301F-11D3-BF4B-00C04F79EFBC}") = "Knot.API", "Knot.API\Knot.API.csproj", "{D3EF2239-FB6C-4760-AC6D-B4F8180CCAB9}"
EndProject
Project("{FAE04EC0-301F-11D3-BF4B-00C04F79EFBC}") = "Knot", "Knot\Knot.csproj", "{F6297784-EC2B-4539-9FEC-F31FB276D895}"
EndProject
Project("{FAE04EC0-301F-11D3-BF4B-00C04F79EFBC}") = "Knot.CTL", "Knot.CTL\Knot.CTL.csproj", "{BF458239-2624-434B-8650-B6EBF1AF31AB}"
EndProject
Global
	GlobalSection(SolutionConfigurationPlatforms) = preSolution
		Debug|Any CPU = Debug|Any CPU
		Release|Any CPU = Release|Any CPU
	EndGlobalSection
	GlobalSection(SolutionProperties) = preSolution
		HideSolutionNode = FALSE
	EndGlobalSection
	GlobalSection(ProjectConfigurationPlatforms) = postSolution
		{D3EF2239-FB6C-4760-AC6D-B4F8180CCAB9}.Debug|Any CPU.ActiveCfg = Debug|Any CPU
		{D3EF2239-FB6C-4760-AC6D-B4F8180CCAB9}.Debug|Any CPU.Build.0 = Debug|Any CPU
		{D3EF2239-FB6C-4760-AC6D-B4F8180CCAB9}.Release|Any CPU.ActiveCfg = Release|Any CPU
		{D3EF2239-FB6C-4760-AC6D-B4F8180CCAB9}.Release|Any CPU.Build.0 = Release|Any CPU
		{F6297784-EC2B-4539-9FEC-F31FB276D895}.Debug|Any CPU.ActiveCfg = Debug|Any CPU
		{F6297784-EC2B-4539-9FEC-F31FB276D895}.Debug|Any CPU.Build.0 = Debug|Any CPU
		{F6297784-EC2B-4539-9FEC-F31FB276D895}.Release|Any CPU.ActiveCfg = Release|Any CPU
		{F6297784-EC2B-4539-9FEC-F31FB276D895}.Release|Any CPU.Build.0 = Release|Any CPU
		{BF458239-2624-434B-8650-B6EBF1AF31AB}.Debug|Any CPU.ActiveCfg = Debug|Any CPU
		{BF458239-2624-434B-8650-B6EBF1AF31AB}.Debug|Any CPU.Build.0 = Debug|Any CPU
		{BF458239-2624-434B-8650-B6EBF1AF31AB}.Release|Any CPU.ActiveCfg = Release|Any CPU
		{BF458239-2624-434B-8650-B6EBF1AF31AB}.Release|Any CPU.Build.0 = Release|Any CPU
	EndGlobalSection
EndGlobal
